
Microsoft Visual Studio Solution File, Format Version 12.00
# Visual Studio Version 17
VisualStudioVersion = 17.8.34309.116
MinimumVisualStudioVersion = 10.0.40219.1
Project("{8BC9CEB8-8B4A-11D0-8D11-00A0C91BC942}") = "siv_sol_2", "siv_sol_2\siv_sol_2.vcxproj", "{1E6FF33E-F5EB-4B79-85B0-31E98B769269}"
EndProject
Global
	GlobalSection(SolutionConfigurationPlatforms) = preSolution
		Debug|x64 = Debug|x64
		Release|x64 = Release|x64
	EndGlobalSection
	GlobalSection(ProjectConfigurationPlatforms) = postSolution
		{1E6FF33E-F5EB-4B79-85B0-31E98B769269}.Debug|x64.ActiveCfg = Debug|x64
		{1E6FF33E-F5EB-4B79-85B0-31E98B769269}.Debug|x64.Build.0 = Debug|x64
		{1E6FF33E-F5EB-4B79-85B0-31E98B769269}.Release|x64.ActiveCfg = Release|x64
		{1E6FF33E-F5EB-4B79-85B0-31E98B769269}.Release|x64.Build.0 = Release|x64
	EndGlobalSection
	GlobalSection(SolutionProperties) = preSolution
		HideSolutionNode = FALSE
	EndGlobalSection
	GlobalSection(ExtensibilityGlobals) = postSolution
		SolutionGuid = {61DA76A0-1554-4977-BA6A-E61AAAD005AE}
	EndGlobalSection
EndGlobal
